
Microsoft Visual Studio Solution File, Format Version 12.00
# Visual Studio Version 17
VisualStudioVersion = 17.2.32516.85
MinimumVisualStudioVersion = 10.0.40219.1
Project("{FAE04EC0-301F-11D3-BF4B-00C04F79EFBC}") = "PreventLockScreen.App", "src\PreventLockScreen.App\PreventLockScreen.App.csproj", "{11169047-C334-43A5-9C1A-F975336D6FF6}"
EndProject
Global
	GlobalSection(SolutionConfigurationPlatforms) = preSolution
		Debug|Any CPU = Debug|Any CPU
		Release|Any CPU = Release|Any CPU
	EndGlobalSection
	GlobalSection(ProjectConfigurationPlatforms) = postSolution
		{11169047-C334-43A5-9C1A-F975336D6FF6}.Debug|Any CPU.ActiveCfg = Debug|Any CPU
		{11169047-C334-43A5-9C1A-F975336D6FF6}.Debug|Any CPU.Build.0 = Debug|Any CPU
		{11169047-C334-43A5-9C1A-F975336D6FF6}.Release|Any CPU.ActiveCfg = Release|Any CPU
		{11169047-C334-43A5-9C1A-F975336D6FF6}.Release|Any CPU.Build.0 = Release|Any CPU
	EndGlobalSection
	GlobalSection(SolutionProperties) = preSolution
		HideSolutionNode = FALSE
	EndGlobalSection
	GlobalSection(ExtensibilityGlobals) = postSolution
		SolutionGuid = {3CD14942-3864-4694-B261-8A4913D2DFF6}
	EndGlobalSection
EndGlobal
